
Microsoft Visual Studio Solution File, Format Version 12.00
Project("{FAE04EC0-301F-11D3-BF4B-00C04F79EFBC}") = "WebUI", "WebUI\WebUI.csproj", "{CD629651-BAE0-4605-B9C7-DD63484CFA85}"
EndProject
Project("{FAE04EC0-301F-11D3-BF4B-00C04F79EFBC}") = "Infrastructure", "Infrastructure\Infrastructure.csproj", "{0801B665-C670-40ED-B514-2A589DB341C2}"
EndProject
Project("{FAE04EC0-301F-11D3-BF4B-00C04F79EFBC}") = "Domain", "Domain\Domain.csproj", "{8D3E89C6-9516-4650-A3D6-9523A73686CB}"
EndProject
Project("{FAE04EC0-301F-11D3-BF4B-00C04F79EFBC}") = "Application", "Application\Application.csproj", "{7A5B792F-833F-479A-BBB9-FCC3A2B314D3}"
EndProject
Global
	GlobalSection(SolutionConfigurationPlatforms) = preSolution
		Debug|Any CPU = Debug|Any CPU
		Release|Any CPU = Release|Any CPU
	EndGlobalSection
	GlobalSection(ProjectConfigurationPlatforms) = postSolution
		{CD629651-BAE0-4605-B9C7-DD63484CFA85}.Debug|Any CPU.ActiveCfg = Debug|Any CPU
		{CD629651-BAE0-4605-B9C7-DD63484CFA85}.Debug|Any CPU.Build.0 = Debug|Any CPU
		{CD629651-BAE0-4605-B9C7-DD63484CFA85}.Release|Any CPU.ActiveCfg = Release|Any CPU
		{CD629651-BAE0-4605-B9C7-DD63484CFA85}.Release|Any CPU.Build.0 = Release|Any CPU
		{0801B665-C670-40ED-B514-2A589DB341C2}.Debug|Any CPU.ActiveCfg = Debug|Any CPU
		{0801B665-C670-40ED-B514-2A589DB341C2}.Debug|Any CPU.Build.0 = Debug|Any CPU
		{0801B665-C670-40ED-B514-2A589DB341C2}.Release|Any CPU.ActiveCfg = Release|Any CPU
		{0801B665-C670-40ED-B514-2A589DB341C2}.Release|Any CPU.Build.0 = Release|Any CPU
		{8D3E89C6-9516-4650-A3D6-9523A73686CB}.Debug|Any CPU.ActiveCfg = Debug|Any CPU
		{8D3E89C6-9516-4650-A3D6-9523A73686CB}.Debug|Any CPU.Build.0 = Debug|Any CPU
		{8D3E89C6-9516-4650-A3D6-9523A73686CB}.Release|Any CPU.ActiveCfg = Release|Any CPU
		{8D3E89C6-9516-4650-A3D6-9523A73686CB}.Release|Any CPU.Build.0 = Release|Any CPU
		{7A5B792F-833F-479A-BBB9-FCC3A2B314D3}.Debug|Any CPU.ActiveCfg = Debug|Any CPU
		{7A5B792F-833F-479A-BBB9-FCC3A2B314D3}.Debug|Any CPU.Build.0 = Debug|Any CPU
		{7A5B792F-833F-479A-BBB9-FCC3A2B314D3}.Release|Any CPU.ActiveCfg = Release|Any CPU
		{7A5B792F-833F-479A-BBB9-FCC3A2B314D3}.Release|Any CPU.Build.0 = Release|Any CPU
	EndGlobalSection
	GlobalSection(NestedProjects) = preSolution
	EndGlobalSection
EndGlobal
